// !$*UTF8*$!
{
	archiveVersion = 1;
	classes = {
	};
	objectVersion = 52;
	objects = {

/* Begin PBXBuildFile section */
		3171955C25CC9FD400DA9507 /* App.swift in Sources */ = {isa = PBXBuildFile; fileRef = 3171955B25CC9FD400DA9507 /* App.swift */; };
		3171956025CC9FD500DA9507 /* Assets.xcassets in Resources */ = {isa = PBXBuildFile; fileRef = 3171955F25CC9FD500DA9507 /* Assets.xcassets */; };
		3180EC4C25CCA50F00811DB0 /* Common in Frameworks */ = {isa = PBXBuildFile; productRef = 3180EC4B25CCA50F00811DB0 /* Common */; };
		3180EC5125CCA65B00811DB0 /* Testing in Frameworks */ = {isa = PBXBuildFile; productRef = 3180EC5025CCA65B00811DB0 /* Testing */; };
		3180EC5525CCAE8A00811DB0 /* AppView.swift in Sources */ = {isa = PBXBuildFile; fileRef = 3180EC5425CCAE8A00811DB0 /* AppView.swift */; };
		3180EC7925CCAFFC00811DB0 /* AppViewTests.swift in Sources */ = {isa = PBXBuildFile; fileRef = 3180EC7825CCAFFC00811DB0 /* AppViewTests.swift */; };
/* End PBXBuildFile section */

/* Begin PBXContainerItemProxy section */
		3171956A25CC9FD500DA9507 /* PBXContainerItemProxy */ = {
			isa = PBXContainerItemProxy;
			containerPortal = 3171955025CC9FD400DA9507 /* Project object */;
			proxyType = 1;
			remoteGlobalIDString = 3171955725CC9FD400DA9507;
			remoteInfo = UpNext;
		};
/* End PBXContainerItemProxy section */

/* Begin PBXFileReference section */
		3171955825CC9FD400DA9507 /* UpNext.app */ = {isa = PBXFileReference; explicitFileType = wrapper.application; includeInIndex = 0; path = UpNext.app; sourceTree = BUILT_PRODUCTS_DIR; };
		3171955B25CC9FD400DA9507 /* App.swift */ = {isa = PBXFileReference; lastKnownFileType = sourcecode.swift; path = App.swift; sourceTree = "<group>"; };
		3171955F25CC9FD500DA9507 /* Assets.xcassets */ = {isa = PBXFileReference; lastKnownFileType = folder.assetcatalog; path = Assets.xcassets; sourceTree = "<group>"; };
		3171956425CC9FD500DA9507 /* Info.plist */ = {isa = PBXFileReference; lastKnownFileType = text.plist.xml; path = Info.plist; sourceTree = "<group>"; };
		3171956925CC9FD500DA9507 /* AppTests.xctest */ = {isa = PBXFileReference; explicitFileType = wrapper.cfbundle; includeInIndex = 0; path = AppTests.xctest; sourceTree = BUILT_PRODUCTS_DIR; };
		3171956F25CC9FD500DA9507 /* InfoTests.plist */ = {isa = PBXFileReference; lastKnownFileType = text.plist.xml; path = InfoTests.plist; sourceTree = "<group>"; };
		3180EC4425CCA46400811DB0 /* Common */ = {isa = PBXFileReference; lastKnownFileType = folder; path = Common; sourceTree = "<group>"; };
		3180EC4725CCA48600811DB0 /* Testing */ = {isa = PBXFileReference; lastKnownFileType = folder; path = Testing; sourceTree = "<group>"; };
		3180EC5425CCAE8A00811DB0 /* AppView.swift */ = {isa = PBXFileReference; lastKnownFileType = sourcecode.swift; path = AppView.swift; sourceTree = "<group>"; };
		3180EC7825CCAFFC00811DB0 /* AppViewTests.swift */ = {isa = PBXFileReference; lastKnownFileType = sourcecode.swift; path = AppViewTests.swift; sourceTree = "<group>"; };
/* End PBXFileReference section */

/* Begin PBXFrameworksBuildPhase section */
		3171955525CC9FD400DA9507 /* Frameworks */ = {
			isa = PBXFrameworksBuildPhase;
			buildActionMask = 2147483647;
			files = (
				3180EC4C25CCA50F00811DB0 /* Common in Frameworks */,
			);
			runOnlyForDeploymentPostprocessing = 0;
		};
		3171956625CC9FD500DA9507 /* Frameworks */ = {
			isa = PBXFrameworksBuildPhase;
			buildActionMask = 2147483647;
			files = (
				3180EC5125CCA65B00811DB0 /* Testing in Frameworks */,
			);
			runOnlyForDeploymentPostprocessing = 0;
		};
/* End PBXFrameworksBuildPhase section */

/* Begin PBXGroup section */
		3171954F25CC9FD400DA9507 = {
			isa = PBXGroup;
			children = (
				3171955A25CC9FD400DA9507 /* App */,
				3180EC4425CCA46400811DB0 /* Common */,
				3180EC4725CCA48600811DB0 /* Testing */,
				3171955925CC9FD400DA9507 /* Products */,
				3180EC4A25CCA50F00811DB0 /* Frameworks */,
			);
			sourceTree = "<group>";
		};
		3171955925CC9FD400DA9507 /* Products */ = {
			isa = PBXGroup;
			children = (
				3171955825CC9FD400DA9507 /* UpNext.app */,
				3171956925CC9FD500DA9507 /* AppTests.xctest */,
			);
			name = Products;
			sourceTree = "<group>";
		};
		3171955A25CC9FD400DA9507 /* App */ = {
			isa = PBXGroup;
			children = (
				317195A925CCA09300DA9507 /* Resources */,
				317195AE25CCA0BC00DA9507 /* Sources */,
				3171956C25CC9FD500DA9507 /* Tests */,
			);
			path = App;
			sourceTree = "<group>";
		};
		3171956C25CC9FD500DA9507 /* Tests */ = {
			isa = PBXGroup;
			children = (
				3180EC7825CCAFFC00811DB0 /* AppViewTests.swift */,
			);
			path = Tests;
			sourceTree = "<group>";
		};
		317195A925CCA09300DA9507 /* Resources */ = {
			isa = PBXGroup;
			children = (
				3171955F25CC9FD500DA9507 /* Assets.xcassets */,
				3171956425CC9FD500DA9507 /* Info.plist */,
				3171956F25CC9FD500DA9507 /* InfoTests.plist */,
			);
			path = Resources;
			sourceTree = "<group>";
		};
		317195AE25CCA0BC00DA9507 /* Sources */ = {
			isa = PBXGroup;
			children = (
				3171955B25CC9FD400DA9507 /* App.swift */,
				3180EC5425CCAE8A00811DB0 /* AppView.swift */,
			);
			path = Sources;
			sourceTree = "<group>";
		};
		3180EC4A25CCA50F00811DB0 /* Frameworks */ = {
			isa = PBXGroup;
			children = (
			);
			name = Frameworks;
			sourceTree = "<group>";
		};
/* End PBXGroup section */

/* Begin PBXNativeTarget section */
		3171955725CC9FD400DA9507 /* App */ = {
			isa = PBXNativeTarget;
			buildConfigurationList = 3171957D25CC9FD500DA9507 /* Build configuration list for PBXNativeTarget "App" */;
			buildPhases = (
				3171955425CC9FD400DA9507 /* Sources */,
				3171955525CC9FD400DA9507 /* Frameworks */,
				3171955625CC9FD400DA9507 /* Resources */,
			);
			buildRules = (
			);
			dependencies = (
			);
			name = App;
			packageProductDependencies = (
				3180EC4B25CCA50F00811DB0 /* Common */,
			);
			productName = UpNext;
			productReference = 3171955825CC9FD400DA9507 /* UpNext.app */;
			productType = "com.apple.product-type.application";
		};
		3171956825CC9FD500DA9507 /* AppTests */ = {
			isa = PBXNativeTarget;
			buildConfigurationList = 3171958025CC9FD500DA9507 /* Build configuration list for PBXNativeTarget "AppTests" */;
			buildPhases = (
				3171956525CC9FD500DA9507 /* Sources */,
				3171956625CC9FD500DA9507 /* Frameworks */,
				3171956725CC9FD500DA9507 /* Resources */,
			);
			buildRules = (
			);
			dependencies = (
				3171956B25CC9FD500DA9507 /* PBXTargetDependency */,
			);
			name = AppTests;
			packageProductDependencies = (
				3180EC5025CCA65B00811DB0 /* Testing */,
			);
			productName = UpNextTests;
			productReference = 3171956925CC9FD500DA9507 /* AppTests.xctest */;
			productType = "com.apple.product-type.bundle.unit-test";
		};
/* End PBXNativeTarget section */

/* Begin PBXProject section */
		3171955025CC9FD400DA9507 /* Project object */ = {
			isa = PBXProject;
			attributes = {
				LastSwiftUpdateCheck = 1240;
				LastUpgradeCheck = 1240;
				TargetAttributes = {
					3171955725CC9FD400DA9507 = {
						CreatedOnToolsVersion = 12.4;
					};
					3171956825CC9FD500DA9507 = {
						CreatedOnToolsVersion = 12.4;
						TestTargetID = 3171955725CC9FD400DA9507;
					};
				};
			};
			buildConfigurationList = 3171955325CC9FD400DA9507 /* Build configuration list for PBXProject "UpNext" */;
			compatibilityVersion = "Xcode 9.3";
			developmentRegion = en;
			hasScannedForEncodings = 0;
			knownRegions = (
				en,
				Base,
			);
			mainGroup = 3171954F25CC9FD400DA9507;
			productRefGroup = 3171955925CC9FD400DA9507 /* Products */;
			projectDirPath = "";
			projectRoot = "";
			targets = (
				3171955725CC9FD400DA9507 /* App */,
				3171956825CC9FD500DA9507 /* AppTests */,
			);
		};
/* End PBXProject section */

/* Begin PBXResourcesBuildPhase section */
		3171955625CC9FD400DA9507 /* Resources */ = {
			isa = PBXResourcesBuildPhase;
			buildActionMask = 2147483647;
			files = (
				3171956025CC9FD500DA9507 /* Assets.xcassets in Resources */,
			);
			runOnlyForDeploymentPostprocessing = 0;
		};
		3171956725CC9FD500DA9507 /* Resources */ = {
			isa = PBXResourcesBuildPhase;
			buildActionMask = 2147483647;
			files = (
			);
			runOnlyForDeploymentPostprocessing = 0;
		};
/* End PBXResourcesBuildPhase section */

/* Begin PBXSourcesBuildPhase section */
		3171955425CC9FD400DA9507 /* Sources */ = {
			isa = PBXSourcesBuildPhase;
			buildActionMask = 2147483647;
			files = (
				3171955C25CC9FD400DA9507 /* App.swift in Sources */,
				3180EC5525CCAE8A00811DB0 /* AppView.swift in Sources */,
			);
			runOnlyForDeploymentPostprocessing = 0;
		};
		3171956525CC9FD500DA9507 /* Sources */ = {
			isa = PBXSourcesBuildPhase;
			buildActionMask = 2147483647;
			files = (
				3180EC7925CCAFFC00811DB0 /* AppViewTests.swift in Sources */,
			);
			runOnlyForDeploymentPostprocessing = 0;
		};
/* End PBXSourcesBuildPhase section */

/* Begin PBXTargetDependency section */
		3171956B25CC9FD500DA9507 /* PBXTargetDependency */ = {
			isa = PBXTargetDependency;
			target = 3171955725CC9FD400DA9507 /* App */;
			targetProxy = 3171956A25CC9FD500DA9507 /* PBXContainerItemProxy */;
		};
/* End PBXTargetDependency section */

/* Begin XCBuildConfiguration section */
		3171957B25CC9FD500DA9507 /* Debug */ = {
			isa = XCBuildConfiguration;
			buildSettings = {
				ALWAYS_SEARCH_USER_PATHS = NO;
				CLANG_ANALYZER_NONNULL = YES;
				CLANG_ANALYZER_NUMBER_OBJECT_CONVERSION = YES_AGGRESSIVE;
				CLANG_CXX_LANGUAGE_STANDARD = "gnu++14";
				CLANG_CXX_LIBRARY = "libc++";
				CLANG_ENABLE_MODULES = YES;
				CLANG_ENABLE_OBJC_ARC = YES;
				CLANG_ENABLE_OBJC_WEAK = YES;
				CLANG_WARN_BLOCK_CAPTURE_AUTORELEASING = YES;
				CLANG_WARN_BOOL_CONVERSION = YES;
				CLANG_WARN_COMMA = YES;
				CLANG_WARN_CONSTANT_CONVERSION = YES;
				CLANG_WARN_DEPRECATED_OBJC_IMPLEMENTATIONS = YES;
				CLANG_WARN_DIRECT_OBJC_ISA_USAGE = YES_ERROR;
				CLANG_WARN_DOCUMENTATION_COMMENTS = YES;
				CLANG_WARN_EMPTY_BODY = YES;
				CLANG_WARN_ENUM_CONVERSION = YES;
				CLANG_WARN_INFINITE_RECURSION = YES;
				CLANG_WARN_INT_CONVERSION = YES;
				CLANG_WARN_NON_LITERAL_NULL_CONVERSION = YES;
				CLANG_WARN_OBJC_IMPLICIT_RETAIN_SELF = YES;
				CLANG_WARN_OBJC_LITERAL_CONVERSION = YES;
				CLANG_WARN_OBJC_ROOT_CLASS = YES_ERROR;
				CLANG_WARN_QUOTED_INCLUDE_IN_FRAMEWORK_HEADER = YES;
				CLANG_WARN_RANGE_LOOP_ANALYSIS = YES;
				CLANG_WARN_STRICT_PROTOTYPES = YES;
				CLANG_WARN_SUSPICIOUS_MOVE = YES;
				CLANG_WARN_UNGUARDED_AVAILABILITY = YES_AGGRESSIVE;
				CLANG_WARN_UNREACHABLE_CODE = YES;
				CLANG_WARN__DUPLICATE_METHOD_MATCH = YES;
				COPY_PHASE_STRIP = NO;
				CURRENT_PROJECT_VERSION = 0;
				DEBUG_INFORMATION_FORMAT = dwarf;
				ENABLE_STRICT_OBJC_MSGSEND = YES;
				ENABLE_TESTABILITY = YES;
				GCC_C_LANGUAGE_STANDARD = gnu11;
				GCC_DYNAMIC_NO_PIC = NO;
				GCC_NO_COMMON_BLOCKS = YES;
				GCC_OPTIMIZATION_LEVEL = 0;
				GCC_PREPROCESSOR_DEFINITIONS = (
					"DEBUG=1",
					"$(inherited)",
				);
				GCC_WARN_64_TO_32_BIT_CONVERSION = YES;
				GCC_WARN_ABOUT_RETURN_TYPE = YES_ERROR;
				GCC_WARN_UNDECLARED_SELECTOR = YES;
				GCC_WARN_UNINITIALIZED_AUTOS = YES_AGGRESSIVE;
				GCC_WARN_UNUSED_FUNCTION = YES;
				GCC_WARN_UNUSED_VARIABLE = YES;
				IPHONEOS_DEPLOYMENT_TARGET = 14.4;
				MARKETING_VERSION = 1.0.0;
				MTL_ENABLE_DEBUG_INFO = INCLUDE_SOURCE;
				MTL_FAST_MATH = YES;
				ONLY_ACTIVE_ARCH = YES;
				SDKROOT = iphoneos;
				SWIFT_ACTIVE_COMPILATION_CONDITIONS = DEBUG;
				SWIFT_OPTIMIZATION_LEVEL = "-Onone";
			};
			name = Debug;
		};
		3171957C25CC9FD500DA9507 /* Release */ = {
			isa = XCBuildConfiguration;
			buildSettings = {
				ALWAYS_SEARCH_USER_PATHS = NO;
				CLANG_ANALYZER_NONNULL = YES;
				CLANG_ANALYZER_NUMBER_OBJECT_CONVERSION = YES_AGGRESSIVE;
				CLANG_CXX_LANGUAGE_STANDARD = "gnu++14";
				CLANG_CXX_LIBRARY = "libc++";
				CLANG_ENABLE_MODULES = YES;
				CLANG_ENABLE_OBJC_ARC = YES;
				CLANG_ENABLE_OBJC_WEAK = YES;
				CLANG_WARN_BLOCK_CAPTURE_AUTORELEASING = YES;
				CLANG_WARN_BOOL_CONVERSION = YES;
				CLANG_WARN_COMMA = YES;
				CLANG_WARN_CONSTANT_CONVERSION = YES;
				CLANG_WARN_DEPRECATED_OBJC_IMPLEMENTATIONS = YES;
				CLANG_WARN_DIRECT_OBJC_ISA_USAGE = YES_ERROR;
				CLANG_WARN_DOCUMENTATION_COMMENTS = YES;
				CLANG_WARN_EMPTY_BODY = YES;
				CLANG_WARN_ENUM_CONVERSION = YES;
				CLANG_WARN_INFINITE_RECURSION = YES;
				CLANG_WARN_INT_CONVERSION = YES;
				CLANG_WARN_NON_LITERAL_NULL_CONVERSION = YES;
				CLANG_WARN_OBJC_IMPLICIT_RETAIN_SELF = YES;
				CLANG_WARN_OBJC_LITERAL_CONVERSION = YES;
				CLANG_WARN_OBJC_ROOT_CLASS = YES_ERROR;
				CLANG_WARN_QUOTED_INCLUDE_IN_FRAMEWORK_HEADER = YES;
				CLANG_WARN_RANGE_LOOP_ANALYSIS = YES;
				CLANG_WARN_STRICT_PROTOTYPES = YES;
				CLANG_WARN_SUSPICIOUS_MOVE = YES;
				CLANG_WARN_UNGUARDED_AVAILABILITY = YES_AGGRESSIVE;
				CLANG_WARN_UNREACHABLE_CODE = YES;
				CLANG_WARN__DUPLICATE_METHOD_MATCH = YES;
				COPY_PHASE_STRIP = NO;
				CURRENT_PROJECT_VERSION = 0;
				DEBUG_INFORMATION_FORMAT = "dwarf-with-dsym";
				ENABLE_NS_ASSERTIONS = NO;
				ENABLE_STRICT_OBJC_MSGSEND = YES;
				GCC_C_LANGUAGE_STANDARD = gnu11;
				GCC_NO_COMMON_BLOCKS = YES;
				GCC_WARN_64_TO_32_BIT_CONVERSION = YES;
				GCC_WARN_ABOUT_RETURN_TYPE = YES_ERROR;
				GCC_WARN_UNDECLARED_SELECTOR = YES;
				GCC_WARN_UNINITIALIZED_AUTOS = YES_AGGRESSIVE;
				GCC_WARN_UNUSED_FUNCTION = YES;
				GCC_WARN_UNUSED_VARIABLE = YES;
				IPHONEOS_DEPLOYMENT_TARGET = 14.4;
				MARKETING_VERSION = 1.0.0;
				MTL_ENABLE_DEBUG_INFO = NO;
				MTL_FAST_MATH = YES;
				SDKROOT = iphoneos;
				SWIFT_COMPILATION_MODE = wholemodule;
				SWIFT_OPTIMIZATION_LEVEL = "-O";
				VALIDATE_PRODUCT = YES;
			};
			name = Release;
		};
		3171957E25CC9FD500DA9507 /* Debug */ = {
			isa = XCBuildConfiguration;
			buildSettings = {
				ASSETCATALOG_COMPILER_APPICON_NAME = AppIcon;
				ASSETCATALOG_COMPILER_GLOBAL_ACCENT_COLOR_NAME = AccentColor;
				CODE_SIGN_STYLE = Automatic;
				ENABLE_PREVIEWS = YES;
				INFOPLIST_FILE = App/Resources/Info.plist;
				LD_RUNPATH_SEARCH_PATHS = (
					"$(inherited)",
					"@executable_path/Frameworks",
				);
				PRODUCT_BUNDLE_IDENTIFIER = pl.darrarski.UpNextApp;
				PRODUCT_MODULE_NAME = "$(TARGET_NAME:c99extidentifier)";
				PRODUCT_NAME = UpNext;
				SWIFT_VERSION = 5.0;
				TARGETED_DEVICE_FAMILY = "1,2";
			};
			name = Debug;
		};
		3171957F25CC9FD500DA9507 /* Release */ = {
			isa = XCBuildConfiguration;
			buildSettings = {
				ASSETCATALOG_COMPILER_APPICON_NAME = AppIcon;
				ASSETCATALOG_COMPILER_GLOBAL_ACCENT_COLOR_NAME = AccentColor;
				CODE_SIGN_STYLE = Automatic;
				ENABLE_PREVIEWS = YES;
				INFOPLIST_FILE = App/Resources/Info.plist;
				LD_RUNPATH_SEARCH_PATHS = (
					"$(inherited)",
					"@executable_path/Frameworks",
				);
				PRODUCT_BUNDLE_IDENTIFIER = pl.darrarski.UpNextApp;
				PRODUCT_MODULE_NAME = "$(TARGET_NAME:c99extidentifier)";
				PRODUCT_NAME = UpNext;
				SWIFT_VERSION = 5.0;
				TARGETED_DEVICE_FAMILY = "1,2";
			};
			name = Release;
		};
		3171958125CC9FD500DA9507 /* Debug */ = {
			isa = XCBuildConfiguration;
			buildSettings = {
				ALWAYS_EMBED_SWIFT_STANDARD_LIBRARIES = YES;
				BUNDLE_LOADER = "$(TEST_HOST)";
				CODE_SIGN_STYLE = Automatic;
				INFOPLIST_FILE = App/Resources/InfoTests.plist;
				LD_RUNPATH_SEARCH_PATHS = (
					"$(inherited)",
					"@executable_path/Frameworks",
					"@loader_path/Frameworks",
				);
				PRODUCT_BUNDLE_IDENTIFIER = pl.darrarski.UpNextTests;
				PRODUCT_NAME = "$(TARGET_NAME)";
				SWIFT_VERSION = 5.0;
				TARGETED_DEVICE_FAMILY = "1,2";
				TEST_HOST = "$(BUILT_PRODUCTS_DIR)/UpNext.app/UpNext";
			};
			name = Debug;
		};
		3171958225CC9FD500DA9507 /* Release */ = {
			isa = XCBuildConfiguration;
			buildSettings = {
				ALWAYS_EMBED_SWIFT_STANDARD_LIBRARIES = YES;
				BUNDLE_LOADER = "$(TEST_HOST)";
				CODE_SIGN_STYLE = Automatic;
				INFOPLIST_FILE = App/Resources/InfoTests.plist;
				LD_RUNPATH_SEARCH_PATHS = (
					"$(inherited)",
					"@executable_path/Frameworks",
					"@loader_path/Frameworks",
				);
				PRODUCT_BUNDLE_IDENTIFIER = pl.darrarski.UpNextTests;
				PRODUCT_NAME = "$(TARGET_NAME)";
				SWIFT_VERSION = 5.0;
				TARGETED_DEVICE_FAMILY = "1,2";
				TEST_HOST = "$(BUILT_PRODUCTS_DIR)/UpNext.app/UpNext";
			};
			name = Release;
		};
/* End XCBuildConfiguration section */

/* Begin XCConfigurationList section */
		3171955325CC9FD400DA9507 /* Build configuration list for PBXProject "UpNext" */ = {
			isa = XCConfigurationList;
			buildConfigurations = (
				3171957B25CC9FD500DA9507 /* Debug */,
				3171957C25CC9FD500DA9507 /* Release */,
			);
			defaultConfigurationIsVisible = 0;
			defaultConfigurationName = Release;
		};
		3171957D25CC9FD500DA9507 /* Build configuration list for PBXNativeTarget "App" */ = {
			isa = XCConfigurationList;
			buildConfigurations = (
				3171957E25CC9FD500DA9507 /* Debug */,
				3171957F25CC9FD500DA9507 /* Release */,
			);
			defaultConfigurationIsVisible = 0;
			defaultConfigurationName = Release;
		};
		3171958025CC9FD500DA9507 /* Build configuration list for PBXNativeTarget "AppTests" */ = {
			isa = XCConfigurationList;
			buildConfigurations = (
				3171958125CC9FD500DA9507 /* Debug */,
				3171958225CC9FD500DA9507 /* Release */,
			);
			defaultConfigurationIsVisible = 0;
			defaultConfigurationName = Release;
		};
/* End XCConfigurationList section */

/* Begin XCSwiftPackageProductDependency section */
		3180EC4B25CCA50F00811DB0 /* Common */ = {
			isa = XCSwiftPackageProductDependency;
			productName = Common;
		};
		3180EC5025CCA65B00811DB0 /* Testing */ = {
			isa = XCSwiftPackageProductDependency;
			productName = Testing;
		};
/* End XCSwiftPackageProductDependency section */
	};
	rootObject = 3171955025CC9FD400DA9507 /* Project object */;
}
